Microsoft Visual Studio Solution File, Format Version 12.00
# Visual Studio Version 17
VisualStudioVersion = 17.5.2.0
MinimumVisualStudioVersion = 10.0.40219.1
Project("{FAE04EC0-301F-11D3-BF4B-00C04F79EFBC}") = "MauiApp3", "MauiApp3.csproj", "{87BF67F2-48E9-1130-9CA4-333F23497F98}"
EndProject
Global
	GlobalSection(SolutionConfigurationPlatforms) = preSolution
		Debug|Any CPU = Debug|Any CPU
		Release|Any CPU = Release|Any CPU
	EndGlobalSection
	GlobalSection(ProjectConfigurationPlatforms) = postSolution
		{87BF67F2-48E9-1130-9CA4-333F23497F98}.Debug|Any CPU.ActiveCfg = Debug|Any CPU
		{87BF67F2-48E9-1130-9CA4-333F23497F98}.Debug|Any CPU.Build.0 = Debug|Any CPU
		{87BF67F2-48E9-1130-9CA4-333F23497F98}.Release|Any CPU.ActiveCfg = Release|Any CPU
		{87BF67F2-48E9-1130-9CA4-333F23497F98}.Release|Any CPU.Build.0 = Release|Any CPU
	EndGlobalSection
	GlobalSection(SolutionProperties) = preSolution
		HideSolutionNode = FALSE
	EndGlobalSection
	GlobalSection(ExtensibilityGlobals) = postSolution
		SolutionGuid = {968D3BE8-D36E-41FA-8867-3017C836806F}
	EndGlobalSection
EndGlobal
